Microsoft Visual Studio Solution File, Format Version 12.00
# Visual Studio 15
VisualStudioVersion = 15.0.27428.2027
MinimumVisualStudioVersion = 10.0.40219.1
Project("{2150E333-8FDC-42A3-9474-1A3956D46DE8}") = "src", "src", "{6926CF2C-9411-467D-AC6F-06B18C3A41B6}"
EndProject
Project("{9A19103F-16F7-4668-BE54-9A1E7A4F7556}") = "FMData", "src\FMData\FMData.csproj", "{8C49615E-D332-4526-9221-F8A4C39BB1CA}"
EndProject
Project("{2150E333-8FDC-42A3-9474-1A3956D46DE8}") = "tests", "tests", "{FC1158B5-9752-46DE-B885-B8B553E252B2}"
EndProject
Project("{9A19103F-16F7-4668-BE54-9A1E7A4F7556}") = "FMData.Tests", "tests\FMData.Tests\FMData.Tests.csproj", "{2885F547-00A9-401B-93CA-71873ACDB1F9}"
EndProject
Global
	GlobalSection(SolutionConfigurationPlatforms) = preSolution
		Debug|Any CPU = Debug|Any CPU
		Debug|x64 = Debug|x64
		Debug|x86 = Debug|x86
		Release|Any CPU = Release|Any CPU
		Release|x64 = Release|x64
		Release|x86 = Release|x86
	EndGlobalSection
	GlobalSection(ProjectConfigurationPlatforms) = postSolution
		{8C49615E-D332-4526-9221-F8A4C39BB1CA}.Debug|Any CPU.ActiveCfg = Debug|Any CPU
		{8C49615E-D332-4526-9221-F8A4C39BB1CA}.Debug|Any CPU.Build.0 = Debug|Any CPU
		{8C49615E-D332-4526-9221-F8A4C39BB1CA}.Debug|x64.ActiveCfg = Debug|Any CPU
		{8C49615E-D332-4526-9221-F8A4C39BB1CA}.Debug|x64.Build.0 = Debug|Any CPU
		{8C49615E-D332-4526-9221-F8A4C39BB1CA}.Debug|x86.ActiveCfg = Debug|Any CPU
		{8C49615E-D332-4526-9221-F8A4C39BB1CA}.Debug|x86.Build.0 = Debug|Any CPU
		{8C49615E-D332-4526-9221-F8A4C39BB1CA}.Release|Any CPU.ActiveCfg = Release|Any CPU
		{8C49615E-D332-4526-9221-F8A4C39BB1CA}.Release|Any CPU.Build.0 = Release|Any CPU
		{8C49615E-D332-4526-9221-F8A4C39BB1CA}.Release|x64.ActiveCfg = Release|Any CPU
		{8C49615E-D332-4526-9221-F8A4C39BB1CA}.Release|x64.Build.0 = Release|Any CPU
		{8C49615E-D332-4526-9221-F8A4C39BB1CA}.Release|x86.ActiveCfg = Release|Any CPU
		{8C49615E-D332-4526-9221-F8A4C39BB1CA}.Release|x86.Build.0 = Release|Any CPU
		{2885F547-00A9-401B-93CA-71873ACDB1F9}.Debug|Any CPU.ActiveCfg = Debug|Any CPU
		{2885F547-00A9-401B-93CA-71873ACDB1F9}.Debug|Any CPU.Build.0 = Debug|Any CPU
		{2885F547-00A9-401B-93CA-71873ACDB1F9}.Debug|x64.ActiveCfg = Debug|Any CPU
		{2885F547-00A9-401B-93CA-71873ACDB1F9}.Debug|x64.Build.0 = Debug|Any CPU
		{2885F547-00A9-401B-93CA-71873ACDB1F9}.Debug|x86.ActiveCfg = Debug|Any CPU
		{2885F547-00A9-401B-93CA-71873ACDB1F9}.Debug|x86.Build.0 = Debug|Any CPU
		{2885F547-00A9-401B-93CA-71873ACDB1F9}.Release|Any CPU.ActiveCfg = Release|Any CPU
		{2885F547-00A9-401B-93CA-71873ACDB1F9}.Release|Any CPU.Build.0 = Release|Any CPU
		{2885F547-00A9-401B-93CA-71873ACDB1F9}.Release|x64.ActiveCfg = Release|Any CPU
		{2885F547-00A9-401B-93CA-71873ACDB1F9}.Release|x64.Build.0 = Release|Any CPU
		{2885F547-00A9-401B-93CA-71873ACDB1F9}.Release|x86.ActiveCfg = Release|Any CPU
		{2885F547-00A9-401B-93CA-71873ACDB1F9}.Release|x86.Build.0 = Release|Any CPU
	EndGlobalSection
	GlobalSection(SolutionProperties) = preSolution
		HideSolutionNode = FALSE
	EndGlobalSection
	GlobalSection(NestedProjects) = preSolution
		{8C49615E-D332-4526-9221-F8A4C39BB1CA} = {6926CF2C-9411-467D-AC6F-06B18C3A41B6}
		{2885F547-00A9-401B-93CA-71873ACDB1F9} = {FC1158B5-9752-46DE-B885-B8B553E252B2}
	EndGlobalSection
	GlobalSection(ExtensibilityGlobals) = postSolution
		SolutionGuid = {13001953-EB62-4CE6-82B1-3795390B514E}
	EndGlobalSection
EndGlobal
