Microsoft Visual Studio Solution File, Format Version 12.00
# Visual Studio 2012
Project("{2150E333-8FDC-42A3-9474-1A3956D46DE8}") = "src", "src", "{6926CF2C-9411-467D-AC6F-06B18C3A41B6}"
EndProject
Project("{FAE04EC0-301F-11D3-BF4B-00C04F79EFBC}") = "Tester", "src\Tester\Tester.csproj", "{4693A37D-F3E7-4647-A417-CD3DBCE5D3A7}"
EndProject
Project("{FAE04EC0-301F-11D3-BF4B-00C04F79EFBC}") = "FMREST", "src\FMREST\FMREST.csproj", "{8C49615E-D332-4526-9221-F8A4C39BB1CA}"
EndProject
Project("{2150E333-8FDC-42A3-9474-1A3956D46DE8}") = "tests", "tests", "{FC1158B5-9752-46DE-B885-B8B553E252B2}"
EndProject
Project("{FAE04EC0-301F-11D3-BF4B-00C04F79EFBC}") = "FMREST.Tests", "tests\FMREST.Tests\FMREST.Tests.csproj", "{2885F547-00A9-401B-93CA-71873ACDB1F9}"
EndProject
Global
	GlobalSection(SolutionConfigurationPlatforms) = preSolution
		Debug|Any CPU = Debug|Any CPU
		Debug|x64 = Debug|x64
		Debug|x86 = Debug|x86
		Release|Any CPU = Release|Any CPU
		Release|x64 = Release|x64
		Release|x86 = Release|x86
	EndGlobalSection
	GlobalSection(ProjectConfigurationPlatforms) = postSolution
		{4693A37D-F3E7-4647-A417-CD3DBCE5D3A7}.Debug|Any CPU.ActiveCfg = Debug|Any CPU
		{4693A37D-F3E7-4647-A417-CD3DBCE5D3A7}.Debug|Any CPU.Build.0 = Debug|Any CPU
		{4693A37D-F3E7-4647-A417-CD3DBCE5D3A7}.Debug|x64.ActiveCfg = Debug|x64
		{4693A37D-F3E7-4647-A417-CD3DBCE5D3A7}.Debug|x64.Build.0 = Debug|x64
		{4693A37D-F3E7-4647-A417-CD3DBCE5D3A7}.Debug|x86.ActiveCfg = Debug|x86
		{4693A37D-F3E7-4647-A417-CD3DBCE5D3A7}.Debug|x86.Build.0 = Debug|x86
		{4693A37D-F3E7-4647-A417-CD3DBCE5D3A7}.Release|Any CPU.ActiveCfg = Release|Any CPU
		{4693A37D-F3E7-4647-A417-CD3DBCE5D3A7}.Release|Any CPU.Build.0 = Release|Any CPU
		{4693A37D-F3E7-4647-A417-CD3DBCE5D3A7}.Release|x64.ActiveCfg = Release|x64
		{4693A37D-F3E7-4647-A417-CD3DBCE5D3A7}.Release|x64.Build.0 = Release|x64
		{4693A37D-F3E7-4647-A417-CD3DBCE5D3A7}.Release|x86.ActiveCfg = Release|x86
		{4693A37D-F3E7-4647-A417-CD3DBCE5D3A7}.Release|x86.Build.0 = Release|x86
		{8C49615E-D332-4526-9221-F8A4C39BB1CA}.Debug|Any CPU.ActiveCfg = Debug|Any CPU
		{8C49615E-D332-4526-9221-F8A4C39BB1CA}.Debug|Any CPU.Build.0 = Debug|Any CPU
		{8C49615E-D332-4526-9221-F8A4C39BB1CA}.Debug|x64.ActiveCfg = Debug|x64
		{8C49615E-D332-4526-9221-F8A4C39BB1CA}.Debug|x64.Build.0 = Debug|x64
		{8C49615E-D332-4526-9221-F8A4C39BB1CA}.Debug|x86.ActiveCfg = Debug|x86
		{8C49615E-D332-4526-9221-F8A4C39BB1CA}.Debug|x86.Build.0 = Debug|x86
		{8C49615E-D332-4526-9221-F8A4C39BB1CA}.Release|Any CPU.ActiveCfg = Release|Any CPU
		{8C49615E-D332-4526-9221-F8A4C39BB1CA}.Release|Any CPU.Build.0 = Release|Any CPU
		{8C49615E-D332-4526-9221-F8A4C39BB1CA}.Release|x64.ActiveCfg = Release|x64
		{8C49615E-D332-4526-9221-F8A4C39BB1CA}.Release|x64.Build.0 = Release|x64
		{8C49615E-D332-4526-9221-F8A4C39BB1CA}.Release|x86.ActiveCfg = Release|x86
		{8C49615E-D332-4526-9221-F8A4C39BB1CA}.Release|x86.Build.0 = Release|x86
		{2885F547-00A9-401B-93CA-71873ACDB1F9}.Debug|Any CPU.ActiveCfg = Debug|Any CPU
		{2885F547-00A9-401B-93CA-71873ACDB1F9}.Debug|Any CPU.Build.0 = Debug|Any CPU
		{2885F547-00A9-401B-93CA-71873ACDB1F9}.Debug|x64.ActiveCfg = Debug|x64
		{2885F547-00A9-401B-93CA-71873ACDB1F9}.Debug|x64.Build.0 = Debug|x64
		{2885F547-00A9-401B-93CA-71873ACDB1F9}.Debug|x86.ActiveCfg = Debug|x86
		{2885F547-00A9-401B-93CA-71873ACDB1F9}.Debug|x86.Build.0 = Debug|x86
		{2885F547-00A9-401B-93CA-71873ACDB1F9}.Release|Any CPU.ActiveCfg = Release|Any CPU
		{2885F547-00A9-401B-93CA-71873ACDB1F9}.Release|Any CPU.Build.0 = Release|Any CPU
		{2885F547-00A9-401B-93CA-71873ACDB1F9}.Release|x64.ActiveCfg = Release|x64
		{2885F547-00A9-401B-93CA-71873ACDB1F9}.Release|x64.Build.0 = Release|x64
		{2885F547-00A9-401B-93CA-71873ACDB1F9}.Release|x86.ActiveCfg = Release|x86
		{2885F547-00A9-401B-93CA-71873ACDB1F9}.Release|x86.Build.0 = Release|x86
	EndGlobalSection
	GlobalSection(NestedProjects) = preSolution
		{4693A37D-F3E7-4647-A417-CD3DBCE5D3A7} = {6926CF2C-9411-467D-AC6F-06B18C3A41B6}
		{8C49615E-D332-4526-9221-F8A4C39BB1CA} = {6926CF2C-9411-467D-AC6F-06B18C3A41B6}
		{2885F547-00A9-401B-93CA-71873ACDB1F9} = {FC1158B5-9752-46DE-B885-B8B553E252B2}
	EndGlobalSection
EndGlobal
